
Microsoft Visual Studio Solution File, Format Version 12.00
# Visual Studio Version 16
VisualStudioVersion = 16.0.32106.194
MinimumVisualStudioVersion = 10.0.40219.1
Project("{FAE04EC0-301F-11D3-BF4B-00C04F79EFBC}") = "Deliverable5__", "Deliverable5__.csproj", "{E3A59005-85D2-4A5A-8F52-0AB06EEA77A1}"
EndProject
Global
	GlobalSection(SolutionConfigurationPlatforms) = preSolution
		Debug|Any CPU = Debug|Any CPU
		Release|Any CPU = Release|Any CPU
	EndGlobalSection
	GlobalSection(ProjectConfigurationPlatforms) = postSolution
		{E3A59005-85D2-4A5A-8F52-0AB06EEA77A1}.Debug|Any CPU.ActiveCfg = Debug|Any CPU
		{E3A59005-85D2-4A5A-8F52-0AB06EEA77A1}.Debug|Any CPU.Build.0 = Debug|Any CPU
		{E3A59005-85D2-4A5A-8F52-0AB06EEA77A1}.Release|Any CPU.ActiveCfg = Release|Any CPU
		{E3A59005-85D2-4A5A-8F52-0AB06EEA77A1}.Release|Any CPU.Build.0 = Release|Any CPU
	EndGlobalSection
	GlobalSection(SolutionProperties) = preSolution
		HideSolutionNode = FALSE
	EndGlobalSection
	GlobalSection(ExtensibilityGlobals) = postSolution
		SolutionGuid = {B67BD72F-BC91-40AB-A95A-444F9040D68D}
	EndGlobalSection
EndGlobal
